// !$*UTF8*$!
{
	archiveVersion = 1;
	classes = {
	};
	objectVersion = 46;
	objects = {

/* Begin PBXBuildFile section */
		4D4D4B9B1EC1EF4D00431261 /* AppDelegate.swift in Sources */ = {isa = PBXBuildFile; fileRef = 4D4D4B9A1EC1EF4D00431261 /* AppDelegate.swift */; };
		4D4D4B9D1EC1EF4D00431261 /* ViewController.swift in Sources */ = {isa = PBXBuildFile; fileRef = 4D4D4B9C1EC1EF4D00431261 /* ViewController.swift */; };
		4D4D4BA01EC1EF4D00431261 /* Main.storyboard in Resources */ = {isa = PBXBuildFile; fileRef = 4D4D4B9E1EC1EF4D00431261 /* Main.storyboard */; };
		4D4D4BA21EC1EF4D00431261 /* Assets.xcassets in Resources */ = {isa = PBXBuildFile; fileRef = 4D4D4BA11EC1EF4D00431261 /* Assets.xcassets */; };
		4D4D4BA51EC1EF4D00431261 /* LaunchScreen.storyboard in Resources */ = {isa = PBXBuildFile; fileRef = 4D4D4BA31EC1EF4D00431261 /* LaunchScreen.storyboard */; };
		E34EE14EFF9DBDD99224C572 /* Pods_Test09_CocoaPods.framework in Frameworks */ = {isa = PBXBuildFile; fileRef = 4C1363C67A023DFE94972671 /* Pods_Test09_CocoaPods.framework */; };
/* End PBXBuildFile section */

/* Begin PBXFileReference section */
		4C1363C67A023DFE94972671 /* Pods_Test09_CocoaPods.framework */ = {isa = PBXFileReference; explicitFileType = wrapper.framework; includeInIndex = 0; path = Pods_Test09_CocoaPods.framework; sourceTree = BUILT_PRODUCTS_DIR; };
		4D4D4B971EC1EF4D00431261 /* Test09_CocoaPods.app */ = {isa = PBXFileReference; explicitFileType = wrapper.application; includeInIndex = 0; path = Test09_CocoaPods.app; sourceTree = BUILT_PRODUCTS_DIR; };
		4D4D4B9A1EC1EF4D00431261 /* AppDelegate.swift */ = {isa = PBXFileReference; lastKnownFileType = sourcecode.swift; path = AppDelegate.swift; sourceTree = "<group>"; };
		4D4D4B9C1EC1EF4D00431261 /* ViewController.swift */ = {isa = PBXFileReference; lastKnownFileType = sourcecode.swift; path = ViewController.swift; sourceTree = "<group>"; };
		4D4D4B9F1EC1EF4D00431261 /* Base */ = {isa = PBXFileReference; lastKnownFileType = file.storyboard; name = Base; path = Base.lproj/Main.storyboard; sourceTree = "<group>"; };
		4D4D4BA11EC1EF4D00431261 /* Assets.xcassets */ = {isa = PBXFileReference; lastKnownFileType = folder.assetcatalog; path = Assets.xcassets; sourceTree = "<group>"; };
		4D4D4BA41EC1EF4D00431261 /* Base */ = {isa = PBXFileReference; lastKnownFileType = file.storyboard; name = Base; path = Base.lproj/LaunchScreen.storyboard; sourceTree = "<group>"; };
		4D4D4BA61EC1EF4D00431261 /* Info.plist */ = {isa = PBXFileReference; lastKnownFileType = text.plist.xml; path = Info.plist; sourceTree = "<group>"; };
		84AABF1A13EBAD145DBD35A9 /* Pods-Test09_CocoaPods.release.xcconfig */ = {isa = PBXFileReference; includeInIndex = 1; lastKnownFileType = text.xcconfig; name = "Pods-Test09_CocoaPods.release.xcconfig"; path = "Pods/Target Support Files/Pods-Test09_CocoaPods/Pods-Test09_CocoaPods.release.xcconfig"; sourceTree = "<group>"; };
		D65C29ACC5B5202D62BF431B /* Pods-Test09_CocoaPods.debug.xcconfig */ = {isa = PBXFileReference; includeInIndex = 1; lastKnownFileType = text.xcconfig; name = "Pods-Test09_CocoaPods.debug.xcconfig"; path = "Pods/Target Support Files/Pods-Test09_CocoaPods/Pods-Test09_CocoaPods.debug.xcconfig"; sourceTree = "<group>"; };
/* End PBXFileReference section */

/* Begin PBXFrameworksBuildPhase section */
		4D4D4B941EC1EF4D00431261 /* Frameworks */ = {
			isa = PBXFrameworksBuildPhase;
			buildActionMask = 2147483647;
			files = (
				E34EE14EFF9DBDD99224C572 /* Pods_Test09_CocoaPods.framework in Frameworks */,
			);
			runOnlyForDeploymentPostprocessing = 0;
		};
/* End PBXFrameworksBuildPhase section */

/* Begin PBXGroup section */
		4D4D4B8E1EC1EF4D00431261 = {
			isa = PBXGroup;
			children = (
				4D4D4B991EC1EF4D00431261 /* Test09_CocoaPods */,
				4D4D4B981EC1EF4D00431261 /* Products */,
				5E3C05CE407085D1F4EB19C2 /* Pods */,
				587209CB3A298B01A330FD6C /* Frameworks */,
			);
			sourceTree = "<group>";
		};
		4D4D4B981EC1EF4D00431261 /* Products */ = {
			isa = PBXGroup;
			children = (
				4D4D4B971EC1EF4D00431261 /* Test09_CocoaPods.app */,
			);
			name = Products;
			sourceTree = "<group>";
		};
		4D4D4B991EC1EF4D00431261 /* Test09_CocoaPods */ = {
			isa = PBXGroup;
			children = (
				4D4D4B9A1EC1EF4D00431261 /* AppDelegate.swift */,
				4D4D4B9C1EC1EF4D00431261 /* ViewController.swift */,
				4D4D4B9E1EC1EF4D00431261 /* Main.storyboard */,
				4D4D4BA11EC1EF4D00431261 /* Assets.xcassets */,
				4D4D4BA31EC1EF4D00431261 /* LaunchScreen.storyboard */,
				4D4D4BA61EC1EF4D00431261 /* Info.plist */,
			);
			path = Test09_CocoaPods;
			sourceTree = "<group>";
		};
		587209CB3A298B01A330FD6C /* Frameworks */ = {
			isa = PBXGroup;
			children = (
				4C1363C67A023DFE94972671 /* Pods_Test09_CocoaPods.framework */,
			);
			name = Frameworks;
			sourceTree = "<group>";
		};
		5E3C05CE407085D1F4EB19C2 /* Pods */ = {
			isa = PBXGroup;
			children = (
				D65C29ACC5B5202D62BF431B /* Pods-Test09_CocoaPods.debug.xcconfig */,
				84AABF1A13EBAD145DBD35A9 /* Pods-Test09_CocoaPods.release.xcconfig */,
			);
			name = Pods;
			sourceTree = "<group>";
		};
/* End PBXGroup section */

/* Begin PBXNativeTarget section */
		4D4D4B961EC1EF4D00431261 /* Test09_CocoaPods */ = {
			isa = PBXNativeTarget;
			buildConfigurationList = 4D4D4BA91EC1EF4D00431261 /* Build configuration list for PBXNativeTarget "Test09_CocoaPods" */;
			buildPhases = (
				CA28487CD5EEFD4939A4E887 /* [CP] Check Pods Manifest.lock */,
				4D4D4B931EC1EF4D00431261 /* Sources */,
				4D4D4B941EC1EF4D00431261 /* Frameworks */,
				4D4D4B951EC1EF4D00431261 /* Resources */,
				8AD0899FD35BAF14E2E58FE6 /* [CP] Embed Pods Frameworks */,
				958A47118AD336482E987FB1 /* [CP] Copy Pods Resources */,
			);
			buildRules = (
			);
			dependencies = (
			);
			name = Test09_CocoaPods;
			productName = Test09_CocoaPods;
			productReference = 4D4D4B971EC1EF4D00431261 /* Test09_CocoaPods.app */;
			productType = "com.apple.product-type.application";
		};
/* End PBXNativeTarget section */

/* Begin PBXProject section */
		4D4D4B8F1EC1EF4D00431261 /* Project object */ = {
			isa = PBXProject;
			attributes = {
				LastSwiftUpdateCheck = 0820;
				LastUpgradeCheck = 0820;
				ORGANIZATIONNAME = zenit70;
				TargetAttributes = {
					4D4D4B961EC1EF4D00431261 = {
						CreatedOnToolsVersion = 8.2;
						ProvisioningStyle = Automatic;
					};
				};
			};
			buildConfigurationList = 4D4D4B921EC1EF4D00431261 /* Build configuration list for PBXProject "Test09_CocoaPods" */;
			compatibilityVersion = "Xcode 3.2";
			developmentRegion = English;
			hasScannedForEncodings = 0;
			knownRegions = (
				en,
				Base,
			);
			mainGroup = 4D4D4B8E1EC1EF4D00431261;
			productRefGroup = 4D4D4B981EC1EF4D00431261 /* Products */;
			projectDirPath = "";
			projectRoot = "";
			targets = (
				4D4D4B961EC1EF4D00431261 /* Test09_CocoaPods */,
			);
		};
/* End PBXProject section */

/* Begin PBXResourcesBuildPhase section */
		4D4D4B951EC1EF4D00431261 /* Resources */ = {
			isa = PBXResourcesBuildPhase;
			buildActionMask = 2147483647;
			files = (
				4D4D4BA51EC1EF4D00431261 /* LaunchScreen.storyboard in Resources */,
				4D4D4BA21EC1EF4D00431261 /* Assets.xcassets in Resources */,
				4D4D4BA01EC1EF4D00431261 /* Main.storyboard in Resources */,
			);
			runOnlyForDeploymentPostprocessing = 0;
		};
/* End PBXResourcesBuildPhase section */

/* Begin PBXShellScriptBuildPhase section */
		8AD0899FD35BAF14E2E58FE6 /* [CP] Embed Pods Frameworks */ = {
			isa = PBXShellScriptBuildPhase;
			buildActionMask = 2147483647;
			files = (
			);
			inputPaths = (
			);
			name = "[CP] Embed Pods Frameworks";
			outputPaths = (
			);
			runOnlyForDeploymentPostprocessing = 0;
			shellPath = /bin/sh;
			shellScript = "\"${SRCROOT}/Pods/Target Support Files/Pods-Test09_CocoaPods/Pods-Test09_CocoaPods-frameworks.sh\"\n";
			showEnvVarsInLog = 0;
		};
		958A47118AD336482E987FB1 /* [CP] Copy Pods Resources */ = {
			isa = PBXShellScriptBuildPhase;
			buildActionMask = 2147483647;
			files = (
			);
			inputPaths = (
			);
			name = "[CP] Copy Pods Resources";
			outputPaths = (
			);
			runOnlyForDeploymentPostprocessing = 0;
			shellPath = /bin/sh;
			shellScript = "\"${SRCROOT}/Pods/Target Support Files/Pods-Test09_CocoaPods/Pods-Test09_CocoaPods-resources.sh\"\n";
			showEnvVarsInLog = 0;
		};
		CA28487CD5EEFD4939A4E887 /* [CP] Check Pods Manifest.lock */ = {
			isa = PBXShellScriptBuildPhase;
			buildActionMask = 2147483647;
			files = (
			);
			inputPaths = (
			);
			name = "[CP] Check Pods Manifest.lock";
			outputPaths = (
			);
			runOnlyForDeploymentPostprocessing = 0;
			shellPath = /bin/sh;
			shellScript = "diff \"${PODS_PODFILE_DIR_PATH}/Podfile.lock\" \"${PODS_ROOT}/Manifest.lock\" > /dev/null\nif [ $? != 0 ] ; then\n    # print error to STDERR\n    echo \"error: The sandbox is not in sync with the Podfile.lock. Run 'pod install' or update your CocoaPods installation.\" >&2\n    exit 1\nfi\n";
			showEnvVarsInLog = 0;
		};
/* End PBXShellScriptBuildPhase section */

/* Begin PBXSourcesBuildPhase section */
		4D4D4B931EC1EF4D00431261 /* Sources */ = {
			isa = PBXSourcesBuildPhase;
			buildActionMask = 2147483647;
			files = (
				4D4D4B9D1EC1EF4D00431261 /* ViewController.swift in Sources */,
				4D4D4B9B1EC1EF4D00431261 /* AppDelegate.swift in Sources */,
			);
			runOnlyForDeploymentPostprocessing = 0;
		};
/* End PBXSourcesBuildPhase section */

/* Begin PBXVariantGroup section */
		4D4D4B9E1EC1EF4D00431261 /* Main.storyboard */ = {
			isa = PBXVariantGroup;
			children = (
				4D4D4B9F1EC1EF4D00431261 /* Base */,
			);
			name = Main.storyboard;
			sourceTree = "<group>";
		};
		4D4D4BA31EC1EF4D00431261 /* LaunchScreen.storyboard */ = {
			isa = PBXVariantGroup;
			children = (
				4D4D4BA41EC1EF4D00431261 /* Base */,
			);
			name = LaunchScreen.storyboard;
			sourceTree = "<group>";
		};
/* End PBXVariantGroup section */

/* Begin XCBuildConfiguration section */
		4D4D4BA71EC1EF4D00431261 /* Debug */ = {
			isa = XCBuildConfiguration;
			buildSettings = {
				ALWAYS_SEARCH_USER_PATHS = NO;
				CLANG_ANALYZER_NONNULL = YES;
				CLANG_CXX_LANGUAGE_STANDARD = "gnu++0x";
				CLANG_CXX_LIBRARY = "libc++";
				CLANG_ENABLE_MODULES = YES;
				CLANG_ENABLE_OBJC_ARC = YES;
				CLANG_WARN_BOOL_CONVERSION = YES;
				CLANG_WARN_CONSTANT_CONVERSION = YES;
				CLANG_WARN_DIRECT_OBJC_ISA_USAGE = YES_ERROR;
				CLANG_WARN_DOCUMENTATION_COMMENTS = YES;
				CLANG_WARN_EMPTY_BODY = YES;
				CLANG_WARN_ENUM_CONVERSION = YES;
				CLANG_WARN_INFINITE_RECURSION = YES;
				CLANG_WARN_INT_CONVERSION = YES;
				CLANG_WARN_OBJC_ROOT_CLASS = YES_ERROR;
				CLANG_WARN_SUSPICIOUS_MOVE = YES;
				CLANG_WARN_UNREACHABLE_CODE = YES;
				CLANG_WARN__DUPLICATE_METHOD_MATCH = YES;
				"CODE_SIGN_IDENTITY[sdk=iphoneos*]" = "iPhone Developer";
				COPY_PHASE_STRIP = NO;
				DEBUG_INFORMATION_FORMAT = dwarf;
				ENABLE_STRICT_OBJC_MSGSEND = YES;
				ENABLE_TESTABILITY = YES;
				GCC_C_LANGUAGE_STANDARD = gnu99;
				GCC_DYNAMIC_NO_PIC = NO;
				GCC_NO_COMMON_BLOCKS = YES;
				GCC_OPTIMIZATION_LEVEL = 0;
				GCC_PREPROCESSOR_DEFINITIONS = (
					"DEBUG=1",
					"$(inherited)",
				);
				GCC_WARN_64_TO_32_BIT_CONVERSION = YES;
				GCC_WARN_ABOUT_RETURN_TYPE = YES_ERROR;
				GCC_WARN_UNDECLARED_SELECTOR = YES;
				GCC_WARN_UNINITIALIZED_AUTOS = YES_AGGRESSIVE;
				GCC_WARN_UNUSED_FUNCTION = YES;
				GCC_WARN_UNUSED_VARIABLE = YES;
				IPHONEOS_DEPLOYMENT_TARGET = 10.2;
				MTL_ENABLE_DEBUG_INFO = YES;
				ONLY_ACTIVE_ARCH = YES;
				SDKROOT = iphoneos;
				SWIFT_ACTIVE_COMPILATION_CONDITIONS = DEBUG;
				SWIFT_OPTIMIZATION_LEVEL = "-Onone";
				TARGETED_DEVICE_FAMILY = "1,2";
			};
			name = Debug;
		};
		4D4D4BA81EC1EF4D00431261 /* Release */ = {
			isa = XCBuildConfiguration;
			buildSettings = {
				ALWAYS_SEARCH_USER_PATHS = NO;
				CLANG_ANALYZER_NONNULL = YES;
				CLANG_CXX_LANGUAGE_STANDARD = "gnu++0x";
				CLANG_CXX_LIBRARY = "libc++";
				CLANG_ENABLE_MODULES = YES;
				CLANG_ENABLE_OBJC_ARC = YES;
				CLANG_WARN_BOOL_CONVERSION = YES;
				CLANG_WARN_CONSTANT_CONVERSION = YES;
				CLANG_WARN_DIRECT_OBJC_ISA_USAGE = YES_ERROR;
				CLANG_WARN_DOCUMENTATION_COMMENTS = YES;
				CLANG_WARN_EMPTY_BODY = YES;
				CLANG_WARN_ENUM_CONVERSION = YES;
				CLANG_WARN_INFINITE_RECURSION = YES;
				CLANG_WARN_INT_CONVERSION = YES;
				CLANG_WARN_OBJC_ROOT_CLASS = YES_ERROR;
				CLANG_WARN_SUSPICIOUS_MOVE = YES;
				CLANG_WARN_UNREACHABLE_CODE = YES;
				CLANG_WARN__DUPLICATE_METHOD_MATCH = YES;
				"CODE_SIGN_IDENTITY[sdk=iphoneos*]" = "iPhone Developer";
				COPY_PHASE_STRIP = NO;
				DEBUG_INFORMATION_FORMAT = "dwarf-with-dsym";
				ENABLE_NS_ASSERTIONS = NO;
				ENABLE_STRICT_OBJC_MSGSEND = YES;
				GCC_C_LANGUAGE_STANDARD = gnu99;
				GCC_NO_COMMON_BLOCKS = YES;
				GCC_WARN_64_TO_32_BIT_CONVERSION = YES;
				GCC_WARN_ABOUT_RETURN_TYPE = YES_ERROR;
				GCC_WARN_UNDECLARED_SELECTOR = YES;
				GCC_WARN_UNINITIALIZED_AUTOS = YES_AGGRESSIVE;
				GCC_WARN_UNUSED_FUNCTION = YES;
				GCC_WARN_UNUSED_VARIABLE = YES;
				IPHONEOS_DEPLOYMENT_TARGET = 10.2;
				MTL_ENABLE_DEBUG_INFO = NO;
				SDKROOT = iphoneos;
				SWIFT_OPTIMIZATION_LEVEL = "-Owholemodule";
				TARGETED_DEVICE_FAMILY = "1,2";
				VALIDATE_PRODUCT = YES;
			};
			name = Release;
		};
		4D4D4BAA1EC1EF4D00431261 /* Debug */ = {
			isa = XCBuildConfiguration;
			baseConfigurationReference = D65C29ACC5B5202D62BF431B /* Pods-Test09_CocoaPods.debug.xcconfig */;
			buildSettings = {
				ASSETCATALOG_COMPILER_APPICON_NAME = AppIcon;
				INFOPLIST_FILE = Test09_CocoaPods/Info.plist;
				IPHONEOS_DEPLOYMENT_TARGET = 10.0;
				LD_RUNPATH_SEARCH_PATHS = "$(inherited) @executable_path/Frameworks";
				PRODUCT_BUNDLE_IDENTIFIER = "com.zenit70.Test09-CocoaPods";
				PRODUCT_NAME = "$(TARGET_NAME)";
				SWIFT_VERSION = 3.0;
			};
			name = Debug;
		};
		4D4D4BAB1EC1EF4D00431261 /* Release */ = {
			isa = XCBuildConfiguration;
			baseConfigurationReference = 84AABF1A13EBAD145DBD35A9 /* Pods-Test09_CocoaPods.release.xcconfig */;
			buildSettings = {
				ASSETCATALOG_COMPILER_APPICON_NAME = AppIcon;
				INFOPLIST_FILE = Test09_CocoaPods/Info.plist;
				IPHONEOS_DEPLOYMENT_TARGET = 10.0;
				LD_RUNPATH_SEARCH_PATHS = "$(inherited) @executable_path/Frameworks";
				PRODUCT_BUNDLE_IDENTIFIER = "com.zenit70.Test09-CocoaPods";
				PRODUCT_NAME = "$(TARGET_NAME)";
				SWIFT_VERSION = 3.0;
			};
			name = Release;
		};
/* End XCBuildConfiguration section */

/* Begin XCConfigurationList section */
		4D4D4B921EC1EF4D00431261 /* Build configuration list for PBXProject "Test09_CocoaPods" */ = {
			isa = XCConfigurationList;
			buildConfigurations = (
				4D4D4BA71EC1EF4D00431261 /* Debug */,
				4D4D4BA81EC1EF4D00431261 /* Release */,
			);
			defaultConfigurationIsVisible = 0;
			defaultConfigurationName = Release;
		};
		4D4D4BA91EC1EF4D00431261 /* Build configuration list for PBXNativeTarget "Test09_CocoaPods" */ = {
			isa = XCConfigurationList;
			buildConfigurations = (
				4D4D4BAA1EC1EF4D00431261 /* Debug */,
				4D4D4BAB1EC1EF4D00431261 /* Release */,
			);
			defaultConfigurationIsVisible = 0;
		};
/* End XCConfigurationList section */
	};
	rootObject = 4D4D4B8F1EC1EF4D00431261 /* Project object */;
}
