// !$*UTF8*$!
{
	archiveVersion = 1;
	classes = {
	};
	objectVersion = 46;
	objects = {

/* Begin PBXBuildFile section */
		4DA509B61ECF1F9F00D36218 /* AppDelegate.swift in Sources */ = {isa = PBXBuildFile; fileRef = 4DA509B51ECF1F9F00D36218 /* AppDelegate.swift */; };
		4DA509B81ECF1F9F00D36218 /* ViewController.swift in Sources */ = {isa = PBXBuildFile; fileRef = 4DA509B71ECF1F9F00D36218 /* ViewController.swift */; };
		4DA509BB1ECF1F9F00D36218 /* Main.storyboard in Resources */ = {isa = PBXBuildFile; fileRef = 4DA509B91ECF1F9F00D36218 /* Main.storyboard */; };
		4DA509BD1ECF1F9F00D36218 /* Assets.xcassets in Resources */ = {isa = PBXBuildFile; fileRef = 4DA509BC1ECF1F9F00D36218 /* Assets.xcassets */; };
		4DA509C01ECF1F9F00D36218 /* LaunchScreen.storyboard in Resources */ = {isa = PBXBuildFile; fileRef = 4DA509BE1ECF1F9F00D36218 /* LaunchScreen.storyboard */; };
/* End PBXBuildFile section */

/* Begin PBXFileReference section */
		4DA509B21ECF1F9F00D36218 /* Test16_Gps.app */ = {isa = PBXFileReference; explicitFileType = wrapper.application; includeInIndex = 0; path = Test16_Gps.app; sourceTree = BUILT_PRODUCTS_DIR; };
		4DA509B51ECF1F9F00D36218 /* AppDelegate.swift */ = {isa = PBXFileReference; lastKnownFileType = sourcecode.swift; path = AppDelegate.swift; sourceTree = "<group>"; };
		4DA509B71ECF1F9F00D36218 /* ViewController.swift */ = {isa = PBXFileReference; lastKnownFileType = sourcecode.swift; path = ViewController.swift; sourceTree = "<group>"; };
		4DA509BA1ECF1F9F00D36218 /* Base */ = {isa = PBXFileReference; lastKnownFileType = file.storyboard; name = Base; path = Base.lproj/Main.storyboard; sourceTree = "<group>"; };
		4DA509BC1ECF1F9F00D36218 /* Assets.xcassets */ = {isa = PBXFileReference; lastKnownFileType = folder.assetcatalog; path = Assets.xcassets; sourceTree = "<group>"; };
		4DA509BF1ECF1F9F00D36218 /* Base */ = {isa = PBXFileReference; lastKnownFileType = file.storyboard; name = Base; path = Base.lproj/LaunchScreen.storyboard; sourceTree = "<group>"; };
		4DA509C11ECF1F9F00D36218 /* Info.plist */ = {isa = PBXFileReference; lastKnownFileType = text.plist.xml; path = Info.plist; sourceTree = "<group>"; };
/* End PBXFileReference section */

/* Begin PBXFrameworksBuildPhase section */
		4DA509AF1ECF1F9F00D36218 /* Frameworks */ = {
			isa = PBXFrameworksBuildPhase;
			buildActionMask = 2147483647;
			files = (
			);
			runOnlyForDeploymentPostprocessing = 0;
		};
/* End PBXFrameworksBuildPhase section */

/* Begin PBXGroup section */
		4DA509A91ECF1F9E00D36218 = {
			isa = PBXGroup;
			children = (
				4DA509B41ECF1F9F00D36218 /* Test16_Gps */,
				4DA509B31ECF1F9F00D36218 /* Products */,
			);
			sourceTree = "<group>";
		};
		4DA509B31ECF1F9F00D36218 /* Products */ = {
			isa = PBXGroup;
			children = (
				4DA509B21ECF1F9F00D36218 /* Test16_Gps.app */,
			);
			name = Products;
			sourceTree = "<group>";
		};
		4DA509B41ECF1F9F00D36218 /* Test16_Gps */ = {
			isa = PBXGroup;
			children = (
				4DA509B51ECF1F9F00D36218 /* AppDelegate.swift */,
				4DA509B71ECF1F9F00D36218 /* ViewController.swift */,
				4DA509B91ECF1F9F00D36218 /* Main.storyboard */,
				4DA509BC1ECF1F9F00D36218 /* Assets.xcassets */,
				4DA509BE1ECF1F9F00D36218 /* LaunchScreen.storyboard */,
				4DA509C11ECF1F9F00D36218 /* Info.plist */,
			);
			path = Test16_Gps;
			sourceTree = "<group>";
		};
/* End PBXGroup section */

/* Begin PBXNativeTarget section */
		4DA509B11ECF1F9F00D36218 /* Test16_Gps */ = {
			isa = PBXNativeTarget;
			buildConfigurationList = 4DA509C41ECF1F9F00D36218 /* Build configuration list for PBXNativeTarget "Test16_Gps" */;
			buildPhases = (
				4DA509AE1ECF1F9F00D36218 /* Sources */,
				4DA509AF1ECF1F9F00D36218 /* Frameworks */,
				4DA509B01ECF1F9F00D36218 /* Resources */,
			);
			buildRules = (
			);
			dependencies = (
			);
			name = Test16_Gps;
			productName = Test16_Gps;
			productReference = 4DA509B21ECF1F9F00D36218 /* Test16_Gps.app */;
			productType = "com.apple.product-type.application";
		};
/* End PBXNativeTarget section */

/* Begin PBXProject section */
		4DA509AA1ECF1F9E00D36218 /* Project object */ = {
			isa = PBXProject;
			attributes = {
				LastSwiftUpdateCheck = 0820;
				LastUpgradeCheck = 0820;
				ORGANIZATIONNAME = zenit70;
				TargetAttributes = {
					4DA509B11ECF1F9F00D36218 = {
						CreatedOnToolsVersion = 8.2;
						ProvisioningStyle = Automatic;
					};
				};
			};
			buildConfigurationList = 4DA509AD1ECF1F9E00D36218 /* Build configuration list for PBXProject "Test16_Gps" */;
			compatibilityVersion = "Xcode 3.2";
			developmentRegion = English;
			hasScannedForEncodings = 0;
			knownRegions = (
				en,
				Base,
			);
			mainGroup = 4DA509A91ECF1F9E00D36218;
			productRefGroup = 4DA509B31ECF1F9F00D36218 /* Products */;
			projectDirPath = "";
			projectRoot = "";
			targets = (
				4DA509B11ECF1F9F00D36218 /* Test16_Gps */,
			);
		};
/* End PBXProject section */

/* Begin PBXResourcesBuildPhase section */
		4DA509B01ECF1F9F00D36218 /* Resources */ = {
			isa = PBXResourcesBuildPhase;
			buildActionMask = 2147483647;
			files = (
				4DA509C01ECF1F9F00D36218 /* LaunchScreen.storyboard in Resources */,
				4DA509BD1ECF1F9F00D36218 /* Assets.xcassets in Resources */,
				4DA509BB1ECF1F9F00D36218 /* Main.storyboard in Resources */,
			);
			runOnlyForDeploymentPostprocessing = 0;
		};
/* End PBXResourcesBuildPhase section */

/* Begin PBXSourcesBuildPhase section */
		4DA509AE1ECF1F9F00D36218 /* Sources */ = {
			isa = PBXSourcesBuildPhase;
			buildActionMask = 2147483647;
			files = (
				4DA509B81ECF1F9F00D36218 /* ViewController.swift in Sources */,
				4DA509B61ECF1F9F00D36218 /* AppDelegate.swift in Sources */,
			);
			runOnlyForDeploymentPostprocessing = 0;
		};
/* End PBXSourcesBuildPhase section */

/* Begin PBXVariantGroup section */
		4DA509B91ECF1F9F00D36218 /* Main.storyboard */ = {
			isa = PBXVariantGroup;
			children = (
				4DA509BA1ECF1F9F00D36218 /* Base */,
			);
			name = Main.storyboard;
			sourceTree = "<group>";
		};
		4DA509BE1ECF1F9F00D36218 /* LaunchScreen.storyboard */ = {
			isa = PBXVariantGroup;
			children = (
				4DA509BF1ECF1F9F00D36218 /* Base */,
			);
			name = LaunchScreen.storyboard;
			sourceTree = "<group>";
		};
/* End PBXVariantGroup section */

/* Begin XCBuildConfiguration section */
		4DA509C21ECF1F9F00D36218 /* Debug */ = {
			isa = XCBuildConfiguration;
			buildSettings = {
				ALWAYS_SEARCH_USER_PATHS = NO;
				CLANG_ANALYZER_NONNULL = YES;
				CLANG_CXX_LANGUAGE_STANDARD = "gnu++0x";
				CLANG_CXX_LIBRARY = "libc++";
				CLANG_ENABLE_MODULES = YES;
				CLANG_ENABLE_OBJC_ARC = YES;
				CLANG_WARN_BOOL_CONVERSION = YES;
				CLANG_WARN_CONSTANT_CONVERSION = YES;
				CLANG_WARN_DIRECT_OBJC_ISA_USAGE = YES_ERROR;
				CLANG_WARN_DOCUMENTATION_COMMENTS = YES;
				CLANG_WARN_EMPTY_BODY = YES;
				CLANG_WARN_ENUM_CONVERSION = YES;
				CLANG_WARN_INFINITE_RECURSION = YES;
				CLANG_WARN_INT_CONVERSION = YES;
				CLANG_WARN_OBJC_ROOT_CLASS = YES_ERROR;
				CLANG_WARN_SUSPICIOUS_MOVE = YES;
				CLANG_WARN_UNREACHABLE_CODE = YES;
				CLANG_WARN__DUPLICATE_METHOD_MATCH = YES;
				"CODE_SIGN_IDENTITY[sdk=iphoneos*]" = "iPhone Developer";
				COPY_PHASE_STRIP = NO;
				DEBUG_INFORMATION_FORMAT = dwarf;
				ENABLE_STRICT_OBJC_MSGSEND = YES;
				ENABLE_TESTABILITY = YES;
				GCC_C_LANGUAGE_STANDARD = gnu99;
				GCC_DYNAMIC_NO_PIC = NO;
				GCC_NO_COMMON_BLOCKS = YES;
				GCC_OPTIMIZATION_LEVEL = 0;
				GCC_PREPROCESSOR_DEFINITIONS = (
					"DEBUG=1",
					"$(inherited)",
				);
				GCC_WARN_64_TO_32_BIT_CONVERSION = YES;
				GCC_WARN_ABOUT_RETURN_TYPE = YES_ERROR;
				GCC_WARN_UNDECLARED_SELECTOR = YES;
				GCC_WARN_UNINITIALIZED_AUTOS = YES_AGGRESSIVE;
				GCC_WARN_UNUSED_FUNCTION = YES;
				GCC_WARN_UNUSED_VARIABLE = YES;
				IPHONEOS_DEPLOYMENT_TARGET = 10.2;
				MTL_ENABLE_DEBUG_INFO = YES;
				ONLY_ACTIVE_ARCH = YES;
				SDKROOT = iphoneos;
				SWIFT_ACTIVE_COMPILATION_CONDITIONS = DEBUG;
				SWIFT_OPTIMIZATION_LEVEL = "-Onone";
				TARGETED_DEVICE_FAMILY = "1,2";
			};
			name = Debug;
		};
		4DA509C31ECF1F9F00D36218 /* Release */ = {
			isa = XCBuildConfiguration;
			buildSettings = {
				ALWAYS_SEARCH_USER_PATHS = NO;
				CLANG_ANALYZER_NONNULL = YES;
				CLANG_CXX_LANGUAGE_STANDARD = "gnu++0x";
				CLANG_CXX_LIBRARY = "libc++";
				CLANG_ENABLE_MODULES = YES;
				CLANG_ENABLE_OBJC_ARC = YES;
				CLANG_WARN_BOOL_CONVERSION = YES;
				CLANG_WARN_CONSTANT_CONVERSION = YES;
				CLANG_WARN_DIRECT_OBJC_ISA_USAGE = YES_ERROR;
				CLANG_WARN_DOCUMENTATION_COMMENTS = YES;
				CLANG_WARN_EMPTY_BODY = YES;
				CLANG_WARN_ENUM_CONVERSION = YES;
				CLANG_WARN_INFINITE_RECURSION = YES;
				CLANG_WARN_INT_CONVERSION = YES;
				CLANG_WARN_OBJC_ROOT_CLASS = YES_ERROR;
				CLANG_WARN_SUSPICIOUS_MOVE = YES;
				CLANG_WARN_UNREACHABLE_CODE = YES;
				CLANG_WARN__DUPLICATE_METHOD_MATCH = YES;
				"CODE_SIGN_IDENTITY[sdk=iphoneos*]" = "iPhone Developer";
				COPY_PHASE_STRIP = NO;
				DEBUG_INFORMATION_FORMAT = "dwarf-with-dsym";
				ENABLE_NS_ASSERTIONS = NO;
				ENABLE_STRICT_OBJC_MSGSEND = YES;
				GCC_C_LANGUAGE_STANDARD = gnu99;
				GCC_NO_COMMON_BLOCKS = YES;
				GCC_WARN_64_TO_32_BIT_CONVERSION = YES;
				GCC_WARN_ABOUT_RETURN_TYPE = YES_ERROR;
				GCC_WARN_UNDECLARED_SELECTOR = YES;
				GCC_WARN_UNINITIALIZED_AUTOS = YES_AGGRESSIVE;
				GCC_WARN_UNUSED_FUNCTION = YES;
				GCC_WARN_UNUSED_VARIABLE = YES;
				IPHONEOS_DEPLOYMENT_TARGET = 10.2;
				MTL_ENABLE_DEBUG_INFO = NO;
				SDKROOT = iphoneos;
				SWIFT_OPTIMIZATION_LEVEL = "-Owholemodule";
				TARGETED_DEVICE_FAMILY = "1,2";
				VALIDATE_PRODUCT = YES;
			};
			name = Release;
		};
		4DA509C51ECF1F9F00D36218 /* Debug */ = {
			isa = XCBuildConfiguration;
			buildSettings = {
				ASSETCATALOG_COMPILER_APPICON_NAME = AppIcon;
				INFOPLIST_FILE = Test16_Gps/Info.plist;
				IPHONEOS_DEPLOYMENT_TARGET = 10.0;
				LD_RUNPATH_SEARCH_PATHS = "$(inherited) @executable_path/Frameworks";
				PRODUCT_BUNDLE_IDENTIFIER = "com.zenit70.Test16-Gps";
				PRODUCT_NAME = "$(TARGET_NAME)";
				SWIFT_VERSION = 3.0;
			};
			name = Debug;
		};
		4DA509C61ECF1F9F00D36218 /* Release */ = {
			isa = XCBuildConfiguration;
			buildSettings = {
				ASSETCATALOG_COMPILER_APPICON_NAME = AppIcon;
				INFOPLIST_FILE = Test16_Gps/Info.plist;
				IPHONEOS_DEPLOYMENT_TARGET = 10.0;
				LD_RUNPATH_SEARCH_PATHS = "$(inherited) @executable_path/Frameworks";
				PRODUCT_BUNDLE_IDENTIFIER = "com.zenit70.Test16-Gps";
				PRODUCT_NAME = "$(TARGET_NAME)";
				SWIFT_VERSION = 3.0;
			};
			name = Release;
		};
/* End XCBuildConfiguration section */

/* Begin XCConfigurationList section */
		4DA509AD1ECF1F9E00D36218 /* Build configuration list for PBXProject "Test16_Gps" */ = {
			isa = XCConfigurationList;
			buildConfigurations = (
				4DA509C21ECF1F9F00D36218 /* Debug */,
				4DA509C31ECF1F9F00D36218 /* Release */,
			);
			defaultConfigurationIsVisible = 0;
			defaultConfigurationName = Release;
		};
		4DA509C41ECF1F9F00D36218 /* Build configuration list for PBXNativeTarget "Test16_Gps" */ = {
			isa = XCConfigurationList;
			buildConfigurations = (
				4DA509C51ECF1F9F00D36218 /* Debug */,
				4DA509C61ECF1F9F00D36218 /* Release */,
			);
			defaultConfigurationIsVisible = 0;
		};
/* End XCConfigurationList section */
	};
	rootObject = 4DA509AA1ECF1F9E00D36218 /* Project object */;
}
