// !$*UTF8*$!
{
	archiveVersion = 1;
	classes = {
	};
	objectVersion = 46;
	objects = {

/* Begin PBXBuildFile section */
		26848A3A1EB76B2E00735D40 /* AppDelegate.swift in Sources */ = {isa = PBXBuildFile; fileRef = 26848A391EB76B2E00735D40 /* AppDelegate.swift */; };
		26848A3C1EB76B2E00735D40 /* ViewController.swift in Sources */ = {isa = PBXBuildFile; fileRef = 26848A3B1EB76B2E00735D40 /* ViewController.swift */; };
		26848A3F1EB76B2E00735D40 /* Main.storyboard in Resources */ = {isa = PBXBuildFile; fileRef = 26848A3D1EB76B2E00735D40 /* Main.storyboard */; };
		26848A411EB76B2E00735D40 /* Assets.xcassets in Resources */ = {isa = PBXBuildFile; fileRef = 26848A401EB76B2E00735D40 /* Assets.xcassets */; };
		26848A441EB76B2E00735D40 /* LaunchScreen.storyboard in Resources */ = {isa = PBXBuildFile; fileRef = 26848A421EB76B2E00735D40 /* LaunchScreen.storyboard */; };
/* End PBXBuildFile section */

/* Begin PBXFileReference section */
		26848A361EB76B2E00735D40 /* Test03_Counter.app */ = {isa = PBXFileReference; explicitFileType = wrapper.application; includeInIndex = 0; path = Test03_Counter.app; sourceTree = BUILT_PRODUCTS_DIR; };
		26848A391EB76B2E00735D40 /* AppDelegate.swift */ = {isa = PBXFileReference; lastKnownFileType = sourcecode.swift; path = AppDelegate.swift; sourceTree = "<group>"; };
		26848A3B1EB76B2E00735D40 /* ViewController.swift */ = {isa = PBXFileReference; lastKnownFileType = sourcecode.swift; path = ViewController.swift; sourceTree = "<group>"; };
		26848A3E1EB76B2E00735D40 /* Base */ = {isa = PBXFileReference; lastKnownFileType = file.storyboard; name = Base; path = Base.lproj/Main.storyboard; sourceTree = "<group>"; };
		26848A401EB76B2E00735D40 /* Assets.xcassets */ = {isa = PBXFileReference; lastKnownFileType = folder.assetcatalog; path = Assets.xcassets; sourceTree = "<group>"; };
		26848A431EB76B2E00735D40 /* Base */ = {isa = PBXFileReference; lastKnownFileType = file.storyboard; name = Base; path = Base.lproj/LaunchScreen.storyboard; sourceTree = "<group>"; };
		26848A451EB76B2E00735D40 /* Info.plist */ = {isa = PBXFileReference; lastKnownFileType = text.plist.xml; path = Info.plist; sourceTree = "<group>"; };
/* End PBXFileReference section */

/* Begin PBXFrameworksBuildPhase section */
		26848A331EB76B2E00735D40 /* Frameworks */ = {
			isa = PBXFrameworksBuildPhase;
			buildActionMask = 2147483647;
			files = (
			);
			runOnlyForDeploymentPostprocessing = 0;
		};
/* End PBXFrameworksBuildPhase section */

/* Begin PBXGroup section */
		26848A2D1EB76B2E00735D40 = {
			isa = PBXGroup;
			children = (
				26848A381EB76B2E00735D40 /* Test03_Counter */,
				26848A371EB76B2E00735D40 /* Products */,
			);
			sourceTree = "<group>";
		};
		26848A371EB76B2E00735D40 /* Products */ = {
			isa = PBXGroup;
			children = (
				26848A361EB76B2E00735D40 /* Test03_Counter.app */,
			);
			name = Products;
			sourceTree = "<group>";
		};
		26848A381EB76B2E00735D40 /* Test03_Counter */ = {
			isa = PBXGroup;
			children = (
				26848A391EB76B2E00735D40 /* AppDelegate.swift */,
				26848A3B1EB76B2E00735D40 /* ViewController.swift */,
				26848A3D1EB76B2E00735D40 /* Main.storyboard */,
				26848A401EB76B2E00735D40 /* Assets.xcassets */,
				26848A421EB76B2E00735D40 /* LaunchScreen.storyboard */,
				26848A451EB76B2E00735D40 /* Info.plist */,
			);
			path = Test03_Counter;
			sourceTree = "<group>";
		};
/* End PBXGroup section */

/* Begin PBXNativeTarget section */
		26848A351EB76B2E00735D40 /* Test03_Counter */ = {
			isa = PBXNativeTarget;
			buildConfigurationList = 26848A481EB76B2E00735D40 /* Build configuration list for PBXNativeTarget "Test03_Counter" */;
			buildPhases = (
				26848A321EB76B2E00735D40 /* Sources */,
				26848A331EB76B2E00735D40 /* Frameworks */,
				26848A341EB76B2E00735D40 /* Resources */,
			);
			buildRules = (
			);
			dependencies = (
			);
			name = Test03_Counter;
			productName = Test03_Counter;
			productReference = 26848A361EB76B2E00735D40 /* Test03_Counter.app */;
			productType = "com.apple.product-type.application";
		};
/* End PBXNativeTarget section */

/* Begin PBXProject section */
		26848A2E1EB76B2E00735D40 /* Project object */ = {
			isa = PBXProject;
			attributes = {
				LastSwiftUpdateCheck = 0830;
				LastUpgradeCheck = 0830;
				ORGANIZATIONNAME = zenit70;
				TargetAttributes = {
					26848A351EB76B2E00735D40 = {
						CreatedOnToolsVersion = 8.3.2;
						ProvisioningStyle = Automatic;
					};
				};
			};
			buildConfigurationList = 26848A311EB76B2E00735D40 /* Build configuration list for PBXProject "Test03_Counter" */;
			compatibilityVersion = "Xcode 3.2";
			developmentRegion = English;
			hasScannedForEncodings = 0;
			knownRegions = (
				en,
				Base,
			);
			mainGroup = 26848A2D1EB76B2E00735D40;
			productRefGroup = 26848A371EB76B2E00735D40 /* Products */;
			projectDirPath = "";
			projectRoot = "";
			targets = (
				26848A351EB76B2E00735D40 /* Test03_Counter */,
			);
		};
/* End PBXProject section */

/* Begin PBXResourcesBuildPhase section */
		26848A341EB76B2E00735D40 /* Resources */ = {
			isa = PBXResourcesBuildPhase;
			buildActionMask = 2147483647;
			files = (
				26848A441EB76B2E00735D40 /* LaunchScreen.storyboard in Resources */,
				26848A411EB76B2E00735D40 /* Assets.xcassets in Resources */,
				26848A3F1EB76B2E00735D40 /* Main.storyboard in Resources */,
			);
			runOnlyForDeploymentPostprocessing = 0;
		};
/* End PBXResourcesBuildPhase section */

/* Begin PBXSourcesBuildPhase section */
		26848A321EB76B2E00735D40 /* Sources */ = {
			isa = PBXSourcesBuildPhase;
			buildActionMask = 2147483647;
			files = (
				26848A3C1EB76B2E00735D40 /* ViewController.swift in Sources */,
				26848A3A1EB76B2E00735D40 /* AppDelegate.swift in Sources */,
			);
			runOnlyForDeploymentPostprocessing = 0;
		};
/* End PBXSourcesBuildPhase section */

/* Begin PBXVariantGroup section */
		26848A3D1EB76B2E00735D40 /* Main.storyboard */ = {
			isa = PBXVariantGroup;
			children = (
				26848A3E1EB76B2E00735D40 /* Base */,
			);
			name = Main.storyboard;
			sourceTree = "<group>";
		};
		26848A421EB76B2E00735D40 /* LaunchScreen.storyboard */ = {
			isa = PBXVariantGroup;
			children = (
				26848A431EB76B2E00735D40 /* Base */,
			);
			name = LaunchScreen.storyboard;
			sourceTree = "<group>";
		};
/* End PBXVariantGroup section */

/* Begin XCBuildConfiguration section */
		26848A461EB76B2E00735D40 /* Debug */ = {
			isa = XCBuildConfiguration;
			buildSettings = {
				ALWAYS_SEARCH_USER_PATHS = NO;
				CLANG_ANALYZER_NONNULL = YES;
				CLANG_ANALYZER_NUMBER_OBJECT_CONVERSION = YES_AGGRESSIVE;
				CLANG_CXX_LANGUAGE_STANDARD = "gnu++0x";
				CLANG_CXX_LIBRARY = "libc++";
				CLANG_ENABLE_MODULES = YES;
				CLANG_ENABLE_OBJC_ARC = YES;
				CLANG_WARN_BOOL_CONVERSION = YES;
				CLANG_WARN_CONSTANT_CONVERSION = YES;
				CLANG_WARN_DIRECT_OBJC_ISA_USAGE = YES_ERROR;
				CLANG_WARN_DOCUMENTATION_COMMENTS = YES;
				CLANG_WARN_EMPTY_BODY = YES;
				CLANG_WARN_ENUM_CONVERSION = YES;
				CLANG_WARN_INFINITE_RECURSION = YES;
				CLANG_WARN_INT_CONVERSION = YES;
				CLANG_WARN_OBJC_ROOT_CLASS = YES_ERROR;
				CLANG_WARN_SUSPICIOUS_MOVE = YES;
				CLANG_WARN_UNREACHABLE_CODE = YES;
				CLANG_WARN__DUPLICATE_METHOD_MATCH = YES;
				"CODE_SIGN_IDENTITY[sdk=iphoneos*]" = "iPhone Developer";
				COPY_PHASE_STRIP = NO;
				DEBUG_INFORMATION_FORMAT = dwarf;
				ENABLE_STRICT_OBJC_MSGSEND = YES;
				ENABLE_TESTABILITY = YES;
				GCC_C_LANGUAGE_STANDARD = gnu99;
				GCC_DYNAMIC_NO_PIC = NO;
				GCC_NO_COMMON_BLOCKS = YES;
				GCC_OPTIMIZATION_LEVEL = 0;
				GCC_PREPROCESSOR_DEFINITIONS = (
					"DEBUG=1",
					"$(inherited)",
				);
				GCC_WARN_64_TO_32_BIT_CONVERSION = YES;
				GCC_WARN_ABOUT_RETURN_TYPE = YES_ERROR;
				GCC_WARN_UNDECLARED_SELECTOR = YES;
				GCC_WARN_UNINITIALIZED_AUTOS = YES_AGGRESSIVE;
				GCC_WARN_UNUSED_FUNCTION = YES;
				GCC_WARN_UNUSED_VARIABLE = YES;
				IPHONEOS_DEPLOYMENT_TARGET = 10.3;
				MTL_ENABLE_DEBUG_INFO = YES;
				ONLY_ACTIVE_ARCH = YES;
				SDKROOT = iphoneos;
				SWIFT_ACTIVE_COMPILATION_CONDITIONS = DEBUG;
				SWIFT_OPTIMIZATION_LEVEL = "-Onone";
				TARGETED_DEVICE_FAMILY = "1,2";
			};
			name = Debug;
		};
		26848A471EB76B2E00735D40 /* Release */ = {
			isa = XCBuildConfiguration;
			buildSettings = {
				ALWAYS_SEARCH_USER_PATHS = NO;
				CLANG_ANALYZER_NONNULL = YES;
				CLANG_ANALYZER_NUMBER_OBJECT_CONVERSION = YES_AGGRESSIVE;
				CLANG_CXX_LANGUAGE_STANDARD = "gnu++0x";
				CLANG_CXX_LIBRARY = "libc++";
				CLANG_ENABLE_MODULES = YES;
				CLANG_ENABLE_OBJC_ARC = YES;
				CLANG_WARN_BOOL_CONVERSION = YES;
				CLANG_WARN_CONSTANT_CONVERSION = YES;
				CLANG_WARN_DIRECT_OBJC_ISA_USAGE = YES_ERROR;
				CLANG_WARN_DOCUMENTATION_COMMENTS = YES;
				CLANG_WARN_EMPTY_BODY = YES;
				CLANG_WARN_ENUM_CONVERSION = YES;
				CLANG_WARN_INFINITE_RECURSION = YES;
				CLANG_WARN_INT_CONVERSION = YES;
				CLANG_WARN_OBJC_ROOT_CLASS = YES_ERROR;
				CLANG_WARN_SUSPICIOUS_MOVE = YES;
				CLANG_WARN_UNREACHABLE_CODE = YES;
				CLANG_WARN__DUPLICATE_METHOD_MATCH = YES;
				"CODE_SIGN_IDENTITY[sdk=iphoneos*]" = "iPhone Developer";
				COPY_PHASE_STRIP = NO;
				DEBUG_INFORMATION_FORMAT = "dwarf-with-dsym";
				ENABLE_NS_ASSERTIONS = NO;
				ENABLE_STRICT_OBJC_MSGSEND = YES;
				GCC_C_LANGUAGE_STANDARD = gnu99;
				GCC_NO_COMMON_BLOCKS = YES;
				GCC_WARN_64_TO_32_BIT_CONVERSION = YES;
				GCC_WARN_ABOUT_RETURN_TYPE = YES_ERROR;
				GCC_WARN_UNDECLARED_SELECTOR = YES;
				GCC_WARN_UNINITIALIZED_AUTOS = YES_AGGRESSIVE;
				GCC_WARN_UNUSED_FUNCTION = YES;
				GCC_WARN_UNUSED_VARIABLE = YES;
				IPHONEOS_DEPLOYMENT_TARGET = 10.3;
				MTL_ENABLE_DEBUG_INFO = NO;
				SDKROOT = iphoneos;
				SWIFT_OPTIMIZATION_LEVEL = "-Owholemodule";
				TARGETED_DEVICE_FAMILY = "1,2";
				VALIDATE_PRODUCT = YES;
			};
			name = Release;
		};
		26848A491EB76B2E00735D40 /* Debug */ = {
			isa = XCBuildConfiguration;
			buildSettings = {
				ASSETCATALOG_COMPILER_APPICON_NAME = AppIcon;
				INFOPLIST_FILE = Test03_Counter/Info.plist;
				LD_RUNPATH_SEARCH_PATHS = "$(inherited) @executable_path/Frameworks";
				PRODUCT_BUNDLE_IDENTIFIER = "com.zenit70.Test03-Counter";
				PRODUCT_NAME = "$(TARGET_NAME)";
				SWIFT_VERSION = 3.0;
			};
			name = Debug;
		};
		26848A4A1EB76B2E00735D40 /* Release */ = {
			isa = XCBuildConfiguration;
			buildSettings = {
				ASSETCATALOG_COMPILER_APPICON_NAME = AppIcon;
				INFOPLIST_FILE = Test03_Counter/Info.plist;
				LD_RUNPATH_SEARCH_PATHS = "$(inherited) @executable_path/Frameworks";
				PRODUCT_BUNDLE_IDENTIFIER = "com.zenit70.Test03-Counter";
				PRODUCT_NAME = "$(TARGET_NAME)";
				SWIFT_VERSION = 3.0;
			};
			name = Release;
		};
/* End XCBuildConfiguration section */

/* Begin XCConfigurationList section */
		26848A311EB76B2E00735D40 /* Build configuration list for PBXProject "Test03_Counter" */ = {
			isa = XCConfigurationList;
			buildConfigurations = (
				26848A461EB76B2E00735D40 /* Debug */,
				26848A471EB76B2E00735D40 /* Release */,
			);
			defaultConfigurationIsVisible = 0;
			defaultConfigurationName = Release;
		};
		26848A481EB76B2E00735D40 /* Build configuration list for PBXNativeTarget "Test03_Counter" */ = {
			isa = XCConfigurationList;
			buildConfigurations = (
				26848A491EB76B2E00735D40 /* Debug */,
				26848A4A1EB76B2E00735D40 /* Release */,
			);
			defaultConfigurationIsVisible = 0;
		};
/* End XCConfigurationList section */
	};
	rootObject = 26848A2E1EB76B2E00735D40 /* Project object */;
}
