// !$*UTF8*$!
{
	archiveVersion = 1;
	classes = {
	};
	objectVersion = 46;
	objects = {

/* Begin PBXBuildFile section */
		26FB5FFB1EC8539800D3E998 /* AppDelegate.swift in Sources */ = {isa = PBXBuildFile; fileRef = 26FB5FFA1EC8539800D3E998 /* AppDelegate.swift */; };
		26FB5FFD1EC8539800D3E998 /* ViewController.swift in Sources */ = {isa = PBXBuildFile; fileRef = 26FB5FFC1EC8539800D3E998 /* ViewController.swift */; };
		26FB60001EC8539800D3E998 /* Main.storyboard in Resources */ = {isa = PBXBuildFile; fileRef = 26FB5FFE1EC8539800D3E998 /* Main.storyboard */; };
		26FB60021EC8539800D3E998 /* Assets.xcassets in Resources */ = {isa = PBXBuildFile; fileRef = 26FB60011EC8539800D3E998 /* Assets.xcassets */; };
		26FB60051EC8539800D3E998 /* LaunchScreen.storyboard in Resources */ = {isa = PBXBuildFile; fileRef = 26FB60031EC8539800D3E998 /* LaunchScreen.storyboard */; };
/* End PBXBuildFile section */

/* Begin PBXFileReference section */
		26FB5FF71EC8539800D3E998 /* Test14_autolayout.app */ = {isa = PBXFileReference; explicitFileType = wrapper.application; includeInIndex = 0; path = Test14_autolayout.app; sourceTree = BUILT_PRODUCTS_DIR; };
		26FB5FFA1EC8539800D3E998 /* AppDelegate.swift */ = {isa = PBXFileReference; lastKnownFileType = sourcecode.swift; path = AppDelegate.swift; sourceTree = "<group>"; };
		26FB5FFC1EC8539800D3E998 /* ViewController.swift */ = {isa = PBXFileReference; lastKnownFileType = sourcecode.swift; path = ViewController.swift; sourceTree = "<group>"; };
		26FB5FFF1EC8539800D3E998 /* Base */ = {isa = PBXFileReference; lastKnownFileType = file.storyboard; name = Base; path = Base.lproj/Main.storyboard; sourceTree = "<group>"; };
		26FB60011EC8539800D3E998 /* Assets.xcassets */ = {isa = PBXFileReference; lastKnownFileType = folder.assetcatalog; path = Assets.xcassets; sourceTree = "<group>"; };
		26FB60041EC8539800D3E998 /* Base */ = {isa = PBXFileReference; lastKnownFileType = file.storyboard; name = Base; path = Base.lproj/LaunchScreen.storyboard; sourceTree = "<group>"; };
		26FB60061EC8539800D3E998 /* Info.plist */ = {isa = PBXFileReference; lastKnownFileType = text.plist.xml; path = Info.plist; sourceTree = "<group>"; };
/* End PBXFileReference section */

/* Begin PBXFrameworksBuildPhase section */
		26FB5FF41EC8539800D3E998 /* Frameworks */ = {
			isa = PBXFrameworksBuildPhase;
			buildActionMask = 2147483647;
			files = (
			);
			runOnlyForDeploymentPostprocessing = 0;
		};
/* End PBXFrameworksBuildPhase section */

/* Begin PBXGroup section */
		26FB5FEE1EC8539800D3E998 = {
			isa = PBXGroup;
			children = (
				26FB5FF91EC8539800D3E998 /* Test14_autolayout */,
				26FB5FF81EC8539800D3E998 /* Products */,
			);
			sourceTree = "<group>";
		};
		26FB5FF81EC8539800D3E998 /* Products */ = {
			isa = PBXGroup;
			children = (
				26FB5FF71EC8539800D3E998 /* Test14_autolayout.app */,
			);
			name = Products;
			sourceTree = "<group>";
		};
		26FB5FF91EC8539800D3E998 /* Test14_autolayout */ = {
			isa = PBXGroup;
			children = (
				26FB5FFA1EC8539800D3E998 /* AppDelegate.swift */,
				26FB5FFC1EC8539800D3E998 /* ViewController.swift */,
				26FB5FFE1EC8539800D3E998 /* Main.storyboard */,
				26FB60011EC8539800D3E998 /* Assets.xcassets */,
				26FB60031EC8539800D3E998 /* LaunchScreen.storyboard */,
				26FB60061EC8539800D3E998 /* Info.plist */,
			);
			path = Test14_autolayout;
			sourceTree = "<group>";
		};
/* End PBXGroup section */

/* Begin PBXNativeTarget section */
		26FB5FF61EC8539800D3E998 /* Test14_autolayout */ = {
			isa = PBXNativeTarget;
			buildConfigurationList = 26FB60091EC8539800D3E998 /* Build configuration list for PBXNativeTarget "Test14_autolayout" */;
			buildPhases = (
				26FB5FF31EC8539800D3E998 /* Sources */,
				26FB5FF41EC8539800D3E998 /* Frameworks */,
				26FB5FF51EC8539800D3E998 /* Resources */,
			);
			buildRules = (
			);
			dependencies = (
			);
			name = Test14_autolayout;
			productName = Test14_autolayout;
			productReference = 26FB5FF71EC8539800D3E998 /* Test14_autolayout.app */;
			productType = "com.apple.product-type.application";
		};
/* End PBXNativeTarget section */

/* Begin PBXProject section */
		26FB5FEF1EC8539800D3E998 /* Project object */ = {
			isa = PBXProject;
			attributes = {
				LastSwiftUpdateCheck = 0830;
				LastUpgradeCheck = 0830;
				ORGANIZATIONNAME = zenit70;
				TargetAttributes = {
					26FB5FF61EC8539800D3E998 = {
						CreatedOnToolsVersion = 8.3.2;
						ProvisioningStyle = Automatic;
					};
				};
			};
			buildConfigurationList = 26FB5FF21EC8539800D3E998 /* Build configuration list for PBXProject "Test14_autolayout" */;
			compatibilityVersion = "Xcode 3.2";
			developmentRegion = English;
			hasScannedForEncodings = 0;
			knownRegions = (
				en,
				Base,
			);
			mainGroup = 26FB5FEE1EC8539800D3E998;
			productRefGroup = 26FB5FF81EC8539800D3E998 /* Products */;
			projectDirPath = "";
			projectRoot = "";
			targets = (
				26FB5FF61EC8539800D3E998 /* Test14_autolayout */,
			);
		};
/* End PBXProject section */

/* Begin PBXResourcesBuildPhase section */
		26FB5FF51EC8539800D3E998 /* Resources */ = {
			isa = PBXResourcesBuildPhase;
			buildActionMask = 2147483647;
			files = (
				26FB60051EC8539800D3E998 /* LaunchScreen.storyboard in Resources */,
				26FB60021EC8539800D3E998 /* Assets.xcassets in Resources */,
				26FB60001EC8539800D3E998 /* Main.storyboard in Resources */,
			);
			runOnlyForDeploymentPostprocessing = 0;
		};
/* End PBXResourcesBuildPhase section */

/* Begin PBXSourcesBuildPhase section */
		26FB5FF31EC8539800D3E998 /* Sources */ = {
			isa = PBXSourcesBuildPhase;
			buildActionMask = 2147483647;
			files = (
				26FB5FFD1EC8539800D3E998 /* ViewController.swift in Sources */,
				26FB5FFB1EC8539800D3E998 /* AppDelegate.swift in Sources */,
			);
			runOnlyForDeploymentPostprocessing = 0;
		};
/* End PBXSourcesBuildPhase section */

/* Begin PBXVariantGroup section */
		26FB5FFE1EC8539800D3E998 /* Main.storyboard */ = {
			isa = PBXVariantGroup;
			children = (
				26FB5FFF1EC8539800D3E998 /* Base */,
			);
			name = Main.storyboard;
			sourceTree = "<group>";
		};
		26FB60031EC8539800D3E998 /* LaunchScreen.storyboard */ = {
			isa = PBXVariantGroup;
			children = (
				26FB60041EC8539800D3E998 /* Base */,
			);
			name = LaunchScreen.storyboard;
			sourceTree = "<group>";
		};
/* End PBXVariantGroup section */

/* Begin XCBuildConfiguration section */
		26FB60071EC8539800D3E998 /* Debug */ = {
			isa = XCBuildConfiguration;
			buildSettings = {
				ALWAYS_SEARCH_USER_PATHS = NO;
				CLANG_ANALYZER_NONNULL = YES;
				CLANG_ANALYZER_NUMBER_OBJECT_CONVERSION = YES_AGGRESSIVE;
				CLANG_CXX_LANGUAGE_STANDARD = "gnu++0x";
				CLANG_CXX_LIBRARY = "libc++";
				CLANG_ENABLE_MODULES = YES;
				CLANG_ENABLE_OBJC_ARC = YES;
				CLANG_WARN_BOOL_CONVERSION = YES;
				CLANG_WARN_CONSTANT_CONVERSION = YES;
				CLANG_WARN_DIRECT_OBJC_ISA_USAGE = YES_ERROR;
				CLANG_WARN_DOCUMENTATION_COMMENTS = YES;
				CLANG_WARN_EMPTY_BODY = YES;
				CLANG_WARN_ENUM_CONVERSION = YES;
				CLANG_WARN_INFINITE_RECURSION = YES;
				CLANG_WARN_INT_CONVERSION = YES;
				CLANG_WARN_OBJC_ROOT_CLASS = YES_ERROR;
				CLANG_WARN_SUSPICIOUS_MOVE = YES;
				CLANG_WARN_UNREACHABLE_CODE = YES;
				CLANG_WARN__DUPLICATE_METHOD_MATCH = YES;
				"CODE_SIGN_IDENTITY[sdk=iphoneos*]" = "iPhone Developer";
				COPY_PHASE_STRIP = NO;
				DEBUG_INFORMATION_FORMAT = dwarf;
				ENABLE_STRICT_OBJC_MSGSEND = YES;
				ENABLE_TESTABILITY = YES;
				GCC_C_LANGUAGE_STANDARD = gnu99;
				GCC_DYNAMIC_NO_PIC = NO;
				GCC_NO_COMMON_BLOCKS = YES;
				GCC_OPTIMIZATION_LEVEL = 0;
				GCC_PREPROCESSOR_DEFINITIONS = (
					"DEBUG=1",
					"$(inherited)",
				);
				GCC_WARN_64_TO_32_BIT_CONVERSION = YES;
				GCC_WARN_ABOUT_RETURN_TYPE = YES_ERROR;
				GCC_WARN_UNDECLARED_SELECTOR = YES;
				GCC_WARN_UNINITIALIZED_AUTOS = YES_AGGRESSIVE;
				GCC_WARN_UNUSED_FUNCTION = YES;
				GCC_WARN_UNUSED_VARIABLE = YES;
				IPHONEOS_DEPLOYMENT_TARGET = 10.3;
				MTL_ENABLE_DEBUG_INFO = YES;
				ONLY_ACTIVE_ARCH = YES;
				SDKROOT = iphoneos;
				SWIFT_ACTIVE_COMPILATION_CONDITIONS = DEBUG;
				SWIFT_OPTIMIZATION_LEVEL = "-Onone";
				TARGETED_DEVICE_FAMILY = "1,2";
			};
			name = Debug;
		};
		26FB60081EC8539800D3E998 /* Release */ = {
			isa = XCBuildConfiguration;
			buildSettings = {
				ALWAYS_SEARCH_USER_PATHS = NO;
				CLANG_ANALYZER_NONNULL = YES;
				CLANG_ANALYZER_NUMBER_OBJECT_CONVERSION = YES_AGGRESSIVE;
				CLANG_CXX_LANGUAGE_STANDARD = "gnu++0x";
				CLANG_CXX_LIBRARY = "libc++";
				CLANG_ENABLE_MODULES = YES;
				CLANG_ENABLE_OBJC_ARC = YES;
				CLANG_WARN_BOOL_CONVERSION = YES;
				CLANG_WARN_CONSTANT_CONVERSION = YES;
				CLANG_WARN_DIRECT_OBJC_ISA_USAGE = YES_ERROR;
				CLANG_WARN_DOCUMENTATION_COMMENTS = YES;
				CLANG_WARN_EMPTY_BODY = YES;
				CLANG_WARN_ENUM_CONVERSION = YES;
				CLANG_WARN_INFINITE_RECURSION = YES;
				CLANG_WARN_INT_CONVERSION = YES;
				CLANG_WARN_OBJC_ROOT_CLASS = YES_ERROR;
				CLANG_WARN_SUSPICIOUS_MOVE = YES;
				CLANG_WARN_UNREACHABLE_CODE = YES;
				CLANG_WARN__DUPLICATE_METHOD_MATCH = YES;
				"CODE_SIGN_IDENTITY[sdk=iphoneos*]" = "iPhone Developer";
				COPY_PHASE_STRIP = NO;
				DEBUG_INFORMATION_FORMAT = "dwarf-with-dsym";
				ENABLE_NS_ASSERTIONS = NO;
				ENABLE_STRICT_OBJC_MSGSEND = YES;
				GCC_C_LANGUAGE_STANDARD = gnu99;
				GCC_NO_COMMON_BLOCKS = YES;
				GCC_WARN_64_TO_32_BIT_CONVERSION = YES;
				GCC_WARN_ABOUT_RETURN_TYPE = YES_ERROR;
				GCC_WARN_UNDECLARED_SELECTOR = YES;
				GCC_WARN_UNINITIALIZED_AUTOS = YES_AGGRESSIVE;
				GCC_WARN_UNUSED_FUNCTION = YES;
				GCC_WARN_UNUSED_VARIABLE = YES;
				IPHONEOS_DEPLOYMENT_TARGET = 10.3;
				MTL_ENABLE_DEBUG_INFO = NO;
				SDKROOT = iphoneos;
				SWIFT_OPTIMIZATION_LEVEL = "-Owholemodule";
				TARGETED_DEVICE_FAMILY = "1,2";
				VALIDATE_PRODUCT = YES;
			};
			name = Release;
		};
		26FB600A1EC8539800D3E998 /* Debug */ = {
			isa = XCBuildConfiguration;
			buildSettings = {
				ASSETCATALOG_COMPILER_APPICON_NAME = AppIcon;
				INFOPLIST_FILE = Test14_autolayout/Info.plist;
				IPHONEOS_DEPLOYMENT_TARGET = 10.0;
				LD_RUNPATH_SEARCH_PATHS = "$(inherited) @executable_path/Frameworks";
				PRODUCT_BUNDLE_IDENTIFIER = "com.zenit70.Test14-autolayout";
				PRODUCT_NAME = "$(TARGET_NAME)";
				SWIFT_VERSION = 3.0;
			};
			name = Debug;
		};
		26FB600B1EC8539800D3E998 /* Release */ = {
			isa = XCBuildConfiguration;
			buildSettings = {
				ASSETCATALOG_COMPILER_APPICON_NAME = AppIcon;
				INFOPLIST_FILE = Test14_autolayout/Info.plist;
				IPHONEOS_DEPLOYMENT_TARGET = 10.0;
				LD_RUNPATH_SEARCH_PATHS = "$(inherited) @executable_path/Frameworks";
				PRODUCT_BUNDLE_IDENTIFIER = "com.zenit70.Test14-autolayout";
				PRODUCT_NAME = "$(TARGET_NAME)";
				SWIFT_VERSION = 3.0;
			};
			name = Release;
		};
/* End XCBuildConfiguration section */

/* Begin XCConfigurationList section */
		26FB5FF21EC8539800D3E998 /* Build configuration list for PBXProject "Test14_autolayout" */ = {
			isa = XCConfigurationList;
			buildConfigurations = (
				26FB60071EC8539800D3E998 /* Debug */,
				26FB60081EC8539800D3E998 /* Release */,
			);
			defaultConfigurationIsVisible = 0;
			defaultConfigurationName = Release;
		};
		26FB60091EC8539800D3E998 /* Build configuration list for PBXNativeTarget "Test14_autolayout" */ = {
			isa = XCConfigurationList;
			buildConfigurations = (
				26FB600A1EC8539800D3E998 /* Debug */,
				26FB600B1EC8539800D3E998 /* Release */,
			);
			defaultConfigurationIsVisible = 0;
		};
/* End XCConfigurationList section */
	};
	rootObject = 26FB5FEF1EC8539800D3E998 /* Project object */;
}
