// !$*UTF8*$!
{
	archiveVersion = 1;
	classes = {
	};
	objectVersion = 46;
	objects = {

/* Begin PBXBuildFile section */
		4D109C391EEAC99D0016CD89 /* AppDelegate.swift in Sources */ = {isa = PBXBuildFile; fileRef = 4D109C381EEAC99D0016CD89 /* AppDelegate.swift */; };
		4D109C3B1EEAC99D0016CD89 /* ViewController.swift in Sources */ = {isa = PBXBuildFile; fileRef = 4D109C3A1EEAC99D0016CD89 /* ViewController.swift */; };
		4D109C3E1EEAC99D0016CD89 /* Main.storyboard in Resources */ = {isa = PBXBuildFile; fileRef = 4D109C3C1EEAC99D0016CD89 /* Main.storyboard */; };
		4D109C401EEAC99D0016CD89 /* Assets.xcassets in Resources */ = {isa = PBXBuildFile; fileRef = 4D109C3F1EEAC99D0016CD89 /* Assets.xcassets */; };
		4D109C431EEAC99D0016CD89 /* LaunchScreen.storyboard in Resources */ = {isa = PBXBuildFile; fileRef = 4D109C411EEAC99D0016CD89 /* LaunchScreen.storyboard */; };
		4D109C4B1EEAD0010016CD89 /* pause_on.png in Resources */ = {isa = PBXBuildFile; fileRef = 4D109C4A1EEAD0010016CD89 /* pause_on.png */; };
/* End PBXBuildFile section */

/* Begin PBXFileReference section */
		4D109C351EEAC99D0016CD89 /* Test25_UInterface.app */ = {isa = PBXFileReference; explicitFileType = wrapper.application; includeInIndex = 0; path = Test25_UInterface.app; sourceTree = BUILT_PRODUCTS_DIR; };
		4D109C381EEAC99D0016CD89 /* AppDelegate.swift */ = {isa = PBXFileReference; lastKnownFileType = sourcecode.swift; path = AppDelegate.swift; sourceTree = "<group>"; };
		4D109C3A1EEAC99D0016CD89 /* ViewController.swift */ = {isa = PBXFileReference; lastKnownFileType = sourcecode.swift; path = ViewController.swift; sourceTree = "<group>"; };
		4D109C3D1EEAC99D0016CD89 /* Base */ = {isa = PBXFileReference; lastKnownFileType = file.storyboard; name = Base; path = Base.lproj/Main.storyboard; sourceTree = "<group>"; };
		4D109C3F1EEAC99D0016CD89 /* Assets.xcassets */ = {isa = PBXFileReference; lastKnownFileType = folder.assetcatalog; path = Assets.xcassets; sourceTree = "<group>"; };
		4D109C421EEAC99D0016CD89 /* Base */ = {isa = PBXFileReference; lastKnownFileType = file.storyboard; name = Base; path = Base.lproj/LaunchScreen.storyboard; sourceTree = "<group>"; };
		4D109C441EEAC99D0016CD89 /* Info.plist */ = {isa = PBXFileReference; lastKnownFileType = text.plist.xml; path = Info.plist; sourceTree = "<group>"; };
		4D109C4A1EEAD0010016CD89 /* pause_on.png */ = {isa = PBXFileReference; lastKnownFileType = image.png; path = pause_on.png; sourceTree = "<group>"; };
/* End PBXFileReference section */

/* Begin PBXFrameworksBuildPhase section */
		4D109C321EEAC99D0016CD89 /* Frameworks */ = {
			isa = PBXFrameworksBuildPhase;
			buildActionMask = 2147483647;
			files = (
			);
			runOnlyForDeploymentPostprocessing = 0;
		};
/* End PBXFrameworksBuildPhase section */

/* Begin PBXGroup section */
		4D109C2C1EEAC99D0016CD89 = {
			isa = PBXGroup;
			children = (
				4D109C371EEAC99D0016CD89 /* Test25_UInterface */,
				4D109C361EEAC99D0016CD89 /* Products */,
			);
			sourceTree = "<group>";
		};
		4D109C361EEAC99D0016CD89 /* Products */ = {
			isa = PBXGroup;
			children = (
				4D109C351EEAC99D0016CD89 /* Test25_UInterface.app */,
			);
			name = Products;
			sourceTree = "<group>";
		};
		4D109C371EEAC99D0016CD89 /* Test25_UInterface */ = {
			isa = PBXGroup;
			children = (
				4D109C4A1EEAD0010016CD89 /* pause_on.png */,
				4D109C441EEAC99D0016CD89 /* Info.plist */,
				4D109C381EEAC99D0016CD89 /* AppDelegate.swift */,
				4D109C3A1EEAC99D0016CD89 /* ViewController.swift */,
				4D109C3F1EEAC99D0016CD89 /* Assets.xcassets */,
				4D109C411EEAC99D0016CD89 /* LaunchScreen.storyboard */,
				4D109C3C1EEAC99D0016CD89 /* Main.storyboard */,
			);
			path = Test25_UInterface;
			sourceTree = "<group>";
		};
/* End PBXGroup section */

/* Begin PBXNativeTarget section */
		4D109C341EEAC99D0016CD89 /* Test25_UInterface */ = {
			isa = PBXNativeTarget;
			buildConfigurationList = 4D109C471EEAC99D0016CD89 /* Build configuration list for PBXNativeTarget "Test25_UInterface" */;
			buildPhases = (
				4D109C311EEAC99D0016CD89 /* Sources */,
				4D109C321EEAC99D0016CD89 /* Frameworks */,
				4D109C331EEAC99D0016CD89 /* Resources */,
			);
			buildRules = (
			);
			dependencies = (
			);
			name = Test25_UInterface;
			productName = Test25_UInterface;
			productReference = 4D109C351EEAC99D0016CD89 /* Test25_UInterface.app */;
			productType = "com.apple.product-type.application";
		};
/* End PBXNativeTarget section */

/* Begin PBXProject section */
		4D109C2D1EEAC99D0016CD89 /* Project object */ = {
			isa = PBXProject;
			attributes = {
				LastSwiftUpdateCheck = 0820;
				LastUpgradeCheck = 0820;
				ORGANIZATIONNAME = zenit70;
				TargetAttributes = {
					4D109C341EEAC99D0016CD89 = {
						CreatedOnToolsVersion = 8.2;
						ProvisioningStyle = Automatic;
					};
				};
			};
			buildConfigurationList = 4D109C301EEAC99D0016CD89 /* Build configuration list for PBXProject "Test25_UInterface" */;
			compatibilityVersion = "Xcode 3.2";
			developmentRegion = English;
			hasScannedForEncodings = 0;
			knownRegions = (
				en,
				Base,
			);
			mainGroup = 4D109C2C1EEAC99D0016CD89;
			productRefGroup = 4D109C361EEAC99D0016CD89 /* Products */;
			projectDirPath = "";
			projectRoot = "";
			targets = (
				4D109C341EEAC99D0016CD89 /* Test25_UInterface */,
			);
		};
/* End PBXProject section */

/* Begin PBXResourcesBuildPhase section */
		4D109C331EEAC99D0016CD89 /* Resources */ = {
			isa = PBXResourcesBuildPhase;
			buildActionMask = 2147483647;
			files = (
				4D109C431EEAC99D0016CD89 /* LaunchScreen.storyboard in Resources */,
				4D109C4B1EEAD0010016CD89 /* pause_on.png in Resources */,
				4D109C401EEAC99D0016CD89 /* Assets.xcassets in Resources */,
				4D109C3E1EEAC99D0016CD89 /* Main.storyboard in Resources */,
			);
			runOnlyForDeploymentPostprocessing = 0;
		};
/* End PBXResourcesBuildPhase section */

/* Begin PBXSourcesBuildPhase section */
		4D109C311EEAC99D0016CD89 /* Sources */ = {
			isa = PBXSourcesBuildPhase;
			buildActionMask = 2147483647;
			files = (
				4D109C3B1EEAC99D0016CD89 /* ViewController.swift in Sources */,
				4D109C391EEAC99D0016CD89 /* AppDelegate.swift in Sources */,
			);
			runOnlyForDeploymentPostprocessing = 0;
		};
/* End PBXSourcesBuildPhase section */

/* Begin PBXVariantGroup section */
		4D109C3C1EEAC99D0016CD89 /* Main.storyboard */ = {
			isa = PBXVariantGroup;
			children = (
				4D109C3D1EEAC99D0016CD89 /* Base */,
			);
			name = Main.storyboard;
			sourceTree = "<group>";
		};
		4D109C411EEAC99D0016CD89 /* LaunchScreen.storyboard */ = {
			isa = PBXVariantGroup;
			children = (
				4D109C421EEAC99D0016CD89 /* Base */,
			);
			name = LaunchScreen.storyboard;
			sourceTree = "<group>";
		};
/* End PBXVariantGroup section */

/* Begin XCBuildConfiguration section */
		4D109C451EEAC99D0016CD89 /* Debug */ = {
			isa = XCBuildConfiguration;
			buildSettings = {
				ALWAYS_SEARCH_USER_PATHS = NO;
				CLANG_ANALYZER_NONNULL = YES;
				CLANG_CXX_LANGUAGE_STANDARD = "gnu++0x";
				CLANG_CXX_LIBRARY = "libc++";
				CLANG_ENABLE_MODULES = YES;
				CLANG_ENABLE_OBJC_ARC = YES;
				CLANG_WARN_BOOL_CONVERSION = YES;
				CLANG_WARN_CONSTANT_CONVERSION = YES;
				CLANG_WARN_DIRECT_OBJC_ISA_USAGE = YES_ERROR;
				CLANG_WARN_DOCUMENTATION_COMMENTS = YES;
				CLANG_WARN_EMPTY_BODY = YES;
				CLANG_WARN_ENUM_CONVERSION = YES;
				CLANG_WARN_INFINITE_RECURSION = YES;
				CLANG_WARN_INT_CONVERSION = YES;
				CLANG_WARN_OBJC_ROOT_CLASS = YES_ERROR;
				CLANG_WARN_SUSPICIOUS_MOVE = YES;
				CLANG_WARN_UNREACHABLE_CODE = YES;
				CLANG_WARN__DUPLICATE_METHOD_MATCH = YES;
				"CODE_SIGN_IDENTITY[sdk=iphoneos*]" = "iPhone Developer";
				COPY_PHASE_STRIP = NO;
				DEBUG_INFORMATION_FORMAT = dwarf;
				ENABLE_STRICT_OBJC_MSGSEND = YES;
				ENABLE_TESTABILITY = YES;
				GCC_C_LANGUAGE_STANDARD = gnu99;
				GCC_DYNAMIC_NO_PIC = NO;
				GCC_NO_COMMON_BLOCKS = YES;
				GCC_OPTIMIZATION_LEVEL = 0;
				GCC_PREPROCESSOR_DEFINITIONS = (
					"DEBUG=1",
					"$(inherited)",
				);
				GCC_WARN_64_TO_32_BIT_CONVERSION = YES;
				GCC_WARN_ABOUT_RETURN_TYPE = YES_ERROR;
				GCC_WARN_UNDECLARED_SELECTOR = YES;
				GCC_WARN_UNINITIALIZED_AUTOS = YES_AGGRESSIVE;
				GCC_WARN_UNUSED_FUNCTION = YES;
				GCC_WARN_UNUSED_VARIABLE = YES;
				IPHONEOS_DEPLOYMENT_TARGET = 10.2;
				MTL_ENABLE_DEBUG_INFO = YES;
				ONLY_ACTIVE_ARCH = YES;
				SDKROOT = iphoneos;
				SWIFT_ACTIVE_COMPILATION_CONDITIONS = DEBUG;
				SWIFT_OPTIMIZATION_LEVEL = "-Onone";
				TARGETED_DEVICE_FAMILY = "1,2";
			};
			name = Debug;
		};
		4D109C461EEAC99D0016CD89 /* Release */ = {
			isa = XCBuildConfiguration;
			buildSettings = {
				ALWAYS_SEARCH_USER_PATHS = NO;
				CLANG_ANALYZER_NONNULL = YES;
				CLANG_CXX_LANGUAGE_STANDARD = "gnu++0x";
				CLANG_CXX_LIBRARY = "libc++";
				CLANG_ENABLE_MODULES = YES;
				CLANG_ENABLE_OBJC_ARC = YES;
				CLANG_WARN_BOOL_CONVERSION = YES;
				CLANG_WARN_CONSTANT_CONVERSION = YES;
				CLANG_WARN_DIRECT_OBJC_ISA_USAGE = YES_ERROR;
				CLANG_WARN_DOCUMENTATION_COMMENTS = YES;
				CLANG_WARN_EMPTY_BODY = YES;
				CLANG_WARN_ENUM_CONVERSION = YES;
				CLANG_WARN_INFINITE_RECURSION = YES;
				CLANG_WARN_INT_CONVERSION = YES;
				CLANG_WARN_OBJC_ROOT_CLASS = YES_ERROR;
				CLANG_WARN_SUSPICIOUS_MOVE = YES;
				CLANG_WARN_UNREACHABLE_CODE = YES;
				CLANG_WARN__DUPLICATE_METHOD_MATCH = YES;
				"CODE_SIGN_IDENTITY[sdk=iphoneos*]" = "iPhone Developer";
				COPY_PHASE_STRIP = NO;
				DEBUG_INFORMATION_FORMAT = "dwarf-with-dsym";
				ENABLE_NS_ASSERTIONS = NO;
				ENABLE_STRICT_OBJC_MSGSEND = YES;
				GCC_C_LANGUAGE_STANDARD = gnu99;
				GCC_NO_COMMON_BLOCKS = YES;
				GCC_WARN_64_TO_32_BIT_CONVERSION = YES;
				GCC_WARN_ABOUT_RETURN_TYPE = YES_ERROR;
				GCC_WARN_UNDECLARED_SELECTOR = YES;
				GCC_WARN_UNINITIALIZED_AUTOS = YES_AGGRESSIVE;
				GCC_WARN_UNUSED_FUNCTION = YES;
				GCC_WARN_UNUSED_VARIABLE = YES;
				IPHONEOS_DEPLOYMENT_TARGET = 10.2;
				MTL_ENABLE_DEBUG_INFO = NO;
				SDKROOT = iphoneos;
				SWIFT_OPTIMIZATION_LEVEL = "-Owholemodule";
				TARGETED_DEVICE_FAMILY = "1,2";
				VALIDATE_PRODUCT = YES;
			};
			name = Release;
		};
		4D109C481EEAC99D0016CD89 /* Debug */ = {
			isa = XCBuildConfiguration;
			buildSettings = {
				ASSETCATALOG_COMPILER_APPICON_NAME = AppIcon;
				INFOPLIST_FILE = Test25_UInterface/Info.plist;
				IPHONEOS_DEPLOYMENT_TARGET = 10.0;
				LD_RUNPATH_SEARCH_PATHS = "$(inherited) @executable_path/Frameworks";
				PRODUCT_BUNDLE_IDENTIFIER = "com.zenit70.Test25-UInterface";
				PRODUCT_NAME = "$(TARGET_NAME)";
				SWIFT_VERSION = 3.0;
			};
			name = Debug;
		};
		4D109C491EEAC99D0016CD89 /* Release */ = {
			isa = XCBuildConfiguration;
			buildSettings = {
				ASSETCATALOG_COMPILER_APPICON_NAME = AppIcon;
				INFOPLIST_FILE = Test25_UInterface/Info.plist;
				IPHONEOS_DEPLOYMENT_TARGET = 10.0;
				LD_RUNPATH_SEARCH_PATHS = "$(inherited) @executable_path/Frameworks";
				PRODUCT_BUNDLE_IDENTIFIER = "com.zenit70.Test25-UInterface";
				PRODUCT_NAME = "$(TARGET_NAME)";
				SWIFT_VERSION = 3.0;
			};
			name = Release;
		};
/* End XCBuildConfiguration section */

/* Begin XCConfigurationList section */
		4D109C301EEAC99D0016CD89 /* Build configuration list for PBXProject "Test25_UInterface" */ = {
			isa = XCConfigurationList;
			buildConfigurations = (
				4D109C451EEAC99D0016CD89 /* Debug */,
				4D109C461EEAC99D0016CD89 /* Release */,
			);
			defaultConfigurationIsVisible = 0;
			defaultConfigurationName = Release;
		};
		4D109C471EEAC99D0016CD89 /* Build configuration list for PBXNativeTarget "Test25_UInterface" */ = {
			isa = XCConfigurationList;
			buildConfigurations = (
				4D109C481EEAC99D0016CD89 /* Debug */,
				4D109C491EEAC99D0016CD89 /* Release */,
			);
			defaultConfigurationIsVisible = 0;
		};
/* End XCConfigurationList section */
	};
	rootObject = 4D109C2D1EEAC99D0016CD89 /* Project object */;
}
